<?xml version="1.0" encoding="UTF-8"?>
<!DOCTYPE plist PUBLIC "-//Apple//DTD PLIST 1.0//EN" "http://www.apple.com/DTDs/PropertyList-1.0.dtd">
<plist version="1.0">
<dict>
	<key>hostname</key>
	<string>Mac-mini-von-Frank.local</string>
	<key>hostuuid</key>
	<string>658B4EBA-FB4E-57B9-A546-13CA4B5C3E95</string>
	<key>pid</key>
	<integer>937</integer>
	<key>processname</key>
	<string>photolibraryd</string>
	<key>uid</key>
	<integer>501</integer>
</dict>
</plist>
